// !$*UTF8*$!
{
	archiveVersion = 1;
	classes = {
	};
	objectVersion = 56;
	objects = {

/* Begin PBXBuildFile section */
		5024C87E29F5BD770061A38E /* OAuthTokenResponseBody.swift in Sources */ = {isa = PBXBuildFile; fileRef = 5024C87D29F5BD770061A38E /* OAuthTokenResponseBody.swift */; };
		5024C88029F5C1340061A38E /* OAuth2Service.swift in Sources */ = {isa = PBXBuildFile; fileRef = 5024C87F29F5C1340061A38E /* OAuth2Service.swift */; };
		5024C88229F5C3850061A38E /* OAuth2TokenStorage.swift in Sources */ = {isa = PBXBuildFile; fileRef = 5024C88129F5C3850061A38E /* OAuth2TokenStorage.swift */; };
		506EF4392A0D741A00477ED3 /* SplashViewController.swift in Sources */ = {isa = PBXBuildFile; fileRef = 506EF4382A0D741A00477ED3 /* SplashViewController.swift */; };
		506EF43B2A0D7D7E00477ED3 /* AuthViewControllerDelegate.swift in Sources */ = {isa = PBXBuildFile; fileRef = 506EF43A2A0D7D7E00477ED3 /* AuthViewControllerDelegate.swift */; };
		506EF43E2A10163700477ED3 /* ProgressHUD in Frameworks */ = {isa = PBXBuildFile; productRef = 506EF43D2A10163700477ED3 /* ProgressHUD */; };
		506EF4402A10755000477ED3 /* UIBlockingProgressHUD.swift in Sources */ = {isa = PBXBuildFile; fileRef = 506EF43F2A10755000477ED3 /* UIBlockingProgressHUD.swift */; };
		507790BC29CE0E9400B5EF94 /* AppDelegate.swift in Sources */ = {isa = PBXBuildFile; fileRef = 507790BB29CE0E9400B5EF94 /* AppDelegate.swift */; };
		507790BE29CE0E9400B5EF94 /* SceneDelegate.swift in Sources */ = {isa = PBXBuildFile; fileRef = 507790BD29CE0E9400B5EF94 /* SceneDelegate.swift */; };
		507790C029CE0E9400B5EF94 /* ImagesListViewController.swift in Sources */ = {isa = PBXBuildFile; fileRef = 507790BF29CE0E9400B5EF94 /* ImagesListViewController.swift */; };
		507790C329CE0E9400B5EF94 /* Main.storyboard in Resources */ = {isa = PBXBuildFile; fileRef = 507790C129CE0E9400B5EF94 /* Main.storyboard */; };
		507790C529CE0E9500B5EF94 /* Assets.xcassets in Resources */ = {isa = PBXBuildFile; fileRef = 507790C429CE0E9500B5EF94 /* Assets.xcassets */; };
		507790C829CE0E9500B5EF94 /* LaunchScreen.storyboard in Resources */ = {isa = PBXBuildFile; fileRef = 507790C629CE0E9500B5EF94 /* LaunchScreen.storyboard */; };
		5077911529D1DF5100B5EF94 /* ImagesListCell.swift in Sources */ = {isa = PBXBuildFile; fileRef = 5077911429D1DF5100B5EF94 /* ImagesListCell.swift */; };
		5081CB042A278AED00FA774D /* ProfileAnimator.swift in Sources */ = {isa = PBXBuildFile; fileRef = 5081CB032A278AED00FA774D /* ProfileAnimator.swift */; };
		5081CB062A27A67600FA774D /* ImagesListAnimator.swift in Sources */ = {isa = PBXBuildFile; fileRef = 5081CB052A27A67500FA774D /* ImagesListAnimator.swift */; };
		508603A129D5B745006C92D5 /* ProfileViewController.swift in Sources */ = {isa = PBXBuildFile; fileRef = 508603A029D5B745006C92D5 /* ProfileViewController.swift */; };
		508ADF392A183A21003D8A64 /* ProfileImageServiceProtocol.swift in Sources */ = {isa = PBXBuildFile; fileRef = 508ADF382A183A21003D8A64 /* ProfileImageServiceProtocol.swift */; };
		50A66B9A2A178CB600BBD014 /* ProfileService.swift in Sources */ = {isa = PBXBuildFile; fileRef = 50A66B992A178CB600BBD014 /* ProfileService.swift */; };
		50A66B9C2A178CE600BBD014 /* ProfileResult.swift in Sources */ = {isa = PBXBuildFile; fileRef = 50A66B9B2A178CE600BBD014 /* ProfileResult.swift */; };
		50A66B9E2A17909F00BBD014 /* Profile.swift in Sources */ = {isa = PBXBuildFile; fileRef = 50A66B9D2A17909F00BBD014 /* Profile.swift */; };
		50A66BA02A17E45100BBD014 /* ProfileImageService.swift in Sources */ = {isa = PBXBuildFile; fileRef = 50A66B9F2A17E45100BBD014 /* ProfileImageService.swift */; };
		50A66BA22A17E4B300BBD014 /* ProfileUserResult.swift in Sources */ = {isa = PBXBuildFile; fileRef = 50A66BA12A17E4B300BBD014 /* ProfileUserResult.swift */; };
		50B37A672A1D2187001F7F94 /* Kingfisher in Frameworks */ = {isa = PBXBuildFile; productRef = 50B37A662A1D2187001F7F94 /* Kingfisher */; };
		50B37A6A2A1D34A8001F7F94 /* AlertFactory.swift in Sources */ = {isa = PBXBuildFile; fileRef = 50B37A692A1D34A8001F7F94 /* AlertFactory.swift */; };
		50B37A6F2A1E8B0A001F7F94 /* SwiftKeychainWrapper in Frameworks */ = {isa = PBXBuildFile; productRef = 50B37A6E2A1E8B0A001F7F94 /* SwiftKeychainWrapper */; };
		50B37A722A1EA378001F7F94 /* TabBarController.swift in Sources */ = {isa = PBXBuildFile; fileRef = 50B37A712A1EA378001F7F94 /* TabBarController.swift */; };
		50B37A742A1FAA97001F7F94 /* ImagesListService.swift in Sources */ = {isa = PBXBuildFile; fileRef = 50B37A732A1FAA97001F7F94 /* ImagesListService.swift */; };
		50B37A762A1FAB6E001F7F94 /* Photo.swift in Sources */ = {isa = PBXBuildFile; fileRef = 50B37A752A1FAB6E001F7F94 /* Photo.swift */; };
		50B37A782A20D279001F7F94 /* PhotoResult.swift in Sources */ = {isa = PBXBuildFile; fileRef = 50B37A772A20D279001F7F94 /* PhotoResult.swift */; };
		50B37A872A2148E7001F7F94 /* ImagesListServiceProtocol.swift in Sources */ = {isa = PBXBuildFile; fileRef = 50B37A862A2148E7001F7F94 /* ImagesListServiceProtocol.swift */; };
		50B37A892A24C123001F7F94 /* ImagesListCellDelegate.swift in Sources */ = {isa = PBXBuildFile; fileRef = 50B37A882A24C123001F7F94 /* ImagesListCellDelegate.swift */; };
		50B37A8B2A24F526001F7F94 /* SingleImageService.swift in Sources */ = {isa = PBXBuildFile; fileRef = 50B37A8A2A24F526001F7F94 /* SingleImageService.swift */; };
		50B37A8D2A250233001F7F94 /* SingleImageServiceProtocol.swift in Sources */ = {isa = PBXBuildFile; fileRef = 50B37A8C2A250233001F7F94 /* SingleImageServiceProtocol.swift */; };
		50D2230629D76B27008E82D7 /* SingleImageViewController.swift in Sources */ = {isa = PBXBuildFile; fileRef = 50D2230529D76B27008E82D7 /* SingleImageViewController.swift */; };
		50E209AC29E998E900E79439 /* UIColor+Extensions.swift in Sources */ = {isa = PBXBuildFile; fileRef = 50E209AB29E998E900E79439 /* UIColor+Extensions.swift */; };
		50E209B029E9BEEE00E79439 /* Constants.swift in Sources */ = {isa = PBXBuildFile; fileRef = 50E209AF29E9BEEE00E79439 /* Constants.swift */; };
		50E209B329EC89D400E79439 /* AuthViewController.swift in Sources */ = {isa = PBXBuildFile; fileRef = 50E209B229EC89D400E79439 /* AuthViewController.swift */; };
		50E209B529EC95B100E79439 /* WebViewViewController.swift in Sources */ = {isa = PBXBuildFile; fileRef = 50E209B429EC95B100E79439 /* WebViewViewController.swift */; };
/* End PBXBuildFile section */

/* Begin PBXContainerItemProxy section */
		50B37A812A20FBC8001F7F94 /* PBXContainerItemProxy */ = {
			isa = PBXContainerItemProxy;
			containerPortal = 507790B029CE0E9400B5EF94 /* Project object */;
			proxyType = 1;
			remoteGlobalIDString = 507790B729CE0E9400B5EF94;
			remoteInfo = ImageFeed;
		};
/* End PBXContainerItemProxy section */

/* Begin PBXFileReference section */
		5024C87D29F5BD770061A38E /* OAuthTokenResponseBody.swift */ = {isa = PBXFileReference; lastKnownFileType = sourcecode.swift; path = OAuthTokenResponseBody.swift; sourceTree = "<group>"; };
		5024C87F29F5C1340061A38E /* OAuth2Service.swift */ = {isa = PBXFileReference; lastKnownFileType = sourcecode.swift; path = OAuth2Service.swift; sourceTree = "<group>"; };
		5024C88129F5C3850061A38E /* OAuth2TokenStorage.swift */ = {isa = PBXFileReference; lastKnownFileType = sourcecode.swift; path = OAuth2TokenStorage.swift; sourceTree = "<group>"; };
		506EF4382A0D741A00477ED3 /* SplashViewController.swift */ = {isa = PBXFileReference; lastKnownFileType = sourcecode.swift; path = SplashViewController.swift; sourceTree = "<group>"; };
		506EF43A2A0D7D7E00477ED3 /* AuthViewControllerDelegate.swift */ = {isa = PBXFileReference; lastKnownFileType = sourcecode.swift; path = AuthViewControllerDelegate.swift; sourceTree = "<group>"; };
		506EF43F2A10755000477ED3 /* UIBlockingProgressHUD.swift */ = {isa = PBXFileReference; lastKnownFileType = sourcecode.swift; path = UIBlockingProgressHUD.swift; sourceTree = "<group>"; };
		507790B829CE0E9400B5EF94 /* ImageFeed.app */ = {isa = PBXFileReference; explicitFileType = wrapper.application; includeInIndex = 0; path = ImageFeed.app; sourceTree = BUILT_PRODUCTS_DIR; };
		507790BB29CE0E9400B5EF94 /* AppDelegate.swift */ = {isa = PBXFileReference; lastKnownFileType = sourcecode.swift; path = AppDelegate.swift; sourceTree = "<group>"; };
		507790BD29CE0E9400B5EF94 /* SceneDelegate.swift */ = {isa = PBXFileReference; lastKnownFileType = sourcecode.swift; path = SceneDelegate.swift; sourceTree = "<group>"; };
		507790BF29CE0E9400B5EF94 /* ImagesListViewController.swift */ = {isa = PBXFileReference; lastKnownFileType = sourcecode.swift; path = ImagesListViewController.swift; sourceTree = "<group>"; };
		507790C229CE0E9400B5EF94 /* Base */ = {isa = PBXFileReference; lastKnownFileType = file.storyboard; name = Base; path = Base.lproj/Main.storyboard; sourceTree = "<group>"; };
		507790C429CE0E9500B5EF94 /* Assets.xcassets */ = {isa = PBXFileReference; lastKnownFileType = folder.assetcatalog; path = Assets.xcassets; sourceTree = "<group>"; };
		507790C729CE0E9500B5EF94 /* Base */ = {isa = PBXFileReference; lastKnownFileType = file.storyboard; name = Base; path = Base.lproj/LaunchScreen.storyboard; sourceTree = "<group>"; };
		507790C929CE0E9500B5EF94 /* Info.plist */ = {isa = PBXFileReference; lastKnownFileType = text.plist.xml; path = Info.plist; sourceTree = "<group>"; };
		5077911429D1DF5100B5EF94 /* ImagesListCell.swift */ = {isa = PBXFileReference; lastKnownFileType = sourcecode.swift; path = ImagesListCell.swift; sourceTree = "<group>"; };
		5081CB032A278AED00FA774D /* ProfileAnimator.swift */ = {isa = PBXFileReference; lastKnownFileType = sourcecode.swift; path = ProfileAnimator.swift; sourceTree = "<group>"; };
		5081CB052A27A67500FA774D /* ImagesListAnimator.swift */ = {isa = PBXFileReference; lastKnownFileType = sourcecode.swift; path = ImagesListAnimator.swift; sourceTree = "<group>"; };
		508603A029D5B745006C92D5 /* ProfileViewController.swift */ = {isa = PBXFileReference; lastKnownFileType = sourcecode.swift; path = ProfileViewController.swift; sourceTree = "<group>"; };
		508ADF382A183A21003D8A64 /* ProfileImageServiceProtocol.swift */ = {isa = PBXFileReference; lastKnownFileType = sourcecode.swift; path = ProfileImageServiceProtocol.swift; sourceTree = "<group>"; };
		50A66B992A178CB600BBD014 /* ProfileService.swift */ = {isa = PBXFileReference; lastKnownFileType = sourcecode.swift; path = ProfileService.swift; sourceTree = "<group>"; };
		50A66B9B2A178CE600BBD014 /* ProfileResult.swift */ = {isa = PBXFileReference; lastKnownFileType = sourcecode.swift; path = ProfileResult.swift; sourceTree = "<group>"; };
		50A66B9D2A17909F00BBD014 /* Profile.swift */ = {isa = PBXFileReference; lastKnownFileType = sourcecode.swift; path = Profile.swift; sourceTree = "<group>"; };
		50A66B9F2A17E45100BBD014 /* ProfileImageService.swift */ = {isa = PBXFileReference; lastKnownFileType = sourcecode.swift; path = ProfileImageService.swift; sourceTree = "<group>"; };
		50A66BA12A17E4B300BBD014 /* ProfileUserResult.swift */ = {isa = PBXFileReference; lastKnownFileType = sourcecode.swift; path = ProfileUserResult.swift; sourceTree = "<group>"; };
		50B37A692A1D34A8001F7F94 /* AlertFactory.swift */ = {isa = PBXFileReference; lastKnownFileType = sourcecode.swift; path = AlertFactory.swift; sourceTree = "<group>"; };
		50B37A712A1EA378001F7F94 /* TabBarController.swift */ = {isa = PBXFileReference; lastKnownFileType = sourcecode.swift; path = TabBarController.swift; sourceTree = "<group>"; };
		50B37A732A1FAA97001F7F94 /* ImagesListService.swift */ = {isa = PBXFileReference; lastKnownFileType = sourcecode.swift; path = ImagesListService.swift; sourceTree = "<group>"; };
		50B37A752A1FAB6E001F7F94 /* Photo.swift */ = {isa = PBXFileReference; lastKnownFileType = sourcecode.swift; path = Photo.swift; sourceTree = "<group>"; };
		50B37A772A20D279001F7F94 /* PhotoResult.swift */ = {isa = PBXFileReference; lastKnownFileType = sourcecode.swift; path = PhotoResult.swift; sourceTree = "<group>"; };
		50B37A7D2A20FBC8001F7F94 /* ImageFeedTests.xctest */ = {isa = PBXFileReference; explicitFileType = wrapper.cfbundle; includeInIndex = 0; path = ImageFeedTests.xctest; sourceTree = BUILT_PRODUCTS_DIR; };
		50B37A862A2148E7001F7F94 /* ImagesListServiceProtocol.swift */ = {isa = PBXFileReference; lastKnownFileType = sourcecode.swift; path = ImagesListServiceProtocol.swift; sourceTree = "<group>"; };
		50B37A882A24C123001F7F94 /* ImagesListCellDelegate.swift */ = {isa = PBXFileReference; lastKnownFileType = sourcecode.swift; path = ImagesListCellDelegate.swift; sourceTree = "<group>"; };
		50B37A8A2A24F526001F7F94 /* SingleImageService.swift */ = {isa = PBXFileReference; lastKnownFileType = sourcecode.swift; path = SingleImageService.swift; sourceTree = "<group>"; };
		50B37A8C2A250233001F7F94 /* SingleImageServiceProtocol.swift */ = {isa = PBXFileReference; lastKnownFileType = sourcecode.swift; path = SingleImageServiceProtocol.swift; sourceTree = "<group>"; };
		50D2230529D76B27008E82D7 /* SingleImageViewController.swift */ = {isa = PBXFileReference; lastKnownFileType = sourcecode.swift; path = SingleImageViewController.swift; sourceTree = "<group>"; };
		50E209AB29E998E900E79439 /* UIColor+Extensions.swift */ = {isa = PBXFileReference; lastKnownFileType = sourcecode.swift; path = "UIColor+Extensions.swift"; sourceTree = "<group>"; };
		50E209AF29E9BEEE00E79439 /* Constants.swift */ = {isa = PBXFileReference; lastKnownFileType = sourcecode.swift; path = Constants.swift; sourceTree = "<group>"; };
		50E209B229EC89D400E79439 /* AuthViewController.swift */ = {isa = PBXFileReference; lastKnownFileType = sourcecode.swift; path = AuthViewController.swift; sourceTree = "<group>"; };
		50E209B429EC95B100E79439 /* WebViewViewController.swift */ = {isa = PBXFileReference; lastKnownFileType = sourcecode.swift; path = WebViewViewController.swift; sourceTree = "<group>"; };
/* End PBXFileReference section */

/* Begin PBXFrameworksBuildPhase section */
		507790B529CE0E9400B5EF94 /* Frameworks */ = {
			isa = PBXFrameworksBuildPhase;
			buildActionMask = 2147483647;
			files = (
				50B37A672A1D2187001F7F94 /* Kingfisher in Frameworks */,
				506EF43E2A10163700477ED3 /* ProgressHUD in Frameworks */,
				50B37A6F2A1E8B0A001F7F94 /* SwiftKeychainWrapper in Frameworks */,
			);
			runOnlyForDeploymentPostprocessing = 0;
		};
		50B37A7A2A20FBC8001F7F94 /* Frameworks */ = {
			isa = PBXFrameworksBuildPhase;
			buildActionMask = 2147483647;
			files = (
			);
			runOnlyForDeploymentPostprocessing = 0;
		};
/* End PBXFrameworksBuildPhase section */

/* Begin PBXGroup section */
		506EF4372A0D740500477ED3 /* Splash */ = {
			isa = PBXGroup;
			children = (
				506EF4382A0D741A00477ED3 /* SplashViewController.swift */,
				506EF43F2A10755000477ED3 /* UIBlockingProgressHUD.swift */,
			);
			path = Splash;
			sourceTree = "<group>";
		};
		507790AF29CE0E9400B5EF94 = {
			isa = PBXGroup;
			children = (
				507790BA29CE0E9400B5EF94 /* ImageFeed */,
				507790B929CE0E9400B5EF94 /* Products */,
			);
			sourceTree = "<group>";
		};
		507790B929CE0E9400B5EF94 /* Products */ = {
			isa = PBXGroup;
			children = (
				507790B829CE0E9400B5EF94 /* ImageFeed.app */,
				50B37A7D2A20FBC8001F7F94 /* ImageFeedTests.xctest */,
			);
			name = Products;
			sourceTree = "<group>";
		};
		507790BA29CE0E9400B5EF94 /* ImageFeed */ = {
			isa = PBXGroup;
			children = (
				507790D329CEB0E800B5EF94 /* Presentation */,
				50E209AA29E9988400E79439 /* Helpers */,
				507790D229CEB0AF00B5EF94 /* Resources */,
				507790BB29CE0E9400B5EF94 /* AppDelegate.swift */,
				507790BD29CE0E9400B5EF94 /* SceneDelegate.swift */,
				507790C929CE0E9500B5EF94 /* Info.plist */,
			);
			path = ImageFeed;
			sourceTree = "<group>";
		};
		507790D229CEB0AF00B5EF94 /* Resources */ = {
			isa = PBXGroup;
			children = (
				507790C629CE0E9500B5EF94 /* LaunchScreen.storyboard */,
				507790C429CE0E9500B5EF94 /* Assets.xcassets */,
			);
			path = Resources;
			sourceTree = "<group>";
		};
		507790D329CEB0E800B5EF94 /* Presentation */ = {
			isa = PBXGroup;
			children = (
				50B37A702A1EA364001F7F94 /* TabBar */,
				50B37A682A1D3496001F7F94 /* Alert */,
				506EF4372A0D740500477ED3 /* Splash */,
				50E209B129EC89B200E79439 /* Auth */,
				5077911629D1DF6500B5EF94 /* ImagesList */,
				50D2230429D76B09008E82D7 /* SingleImage */,
				5086039F29D5B727006C92D5 /* Profile */,
				507790C129CE0E9400B5EF94 /* Main.storyboard */,
			);
			path = Presentation;
			sourceTree = "<group>";
		};
		5077911629D1DF6500B5EF94 /* ImagesList */ = {
			isa = PBXGroup;
			children = (
				507790BF29CE0E9400B5EF94 /* ImagesListViewController.swift */,
				5077911429D1DF5100B5EF94 /* ImagesListCell.swift */,
				5081CB052A27A67500FA774D /* ImagesListAnimator.swift */,
				50B37A732A1FAA97001F7F94 /* ImagesListService.swift */,
				50B37A752A1FAB6E001F7F94 /* Photo.swift */,
				50B37A772A20D279001F7F94 /* PhotoResult.swift */,
				50B37A862A2148E7001F7F94 /* ImagesListServiceProtocol.swift */,
				50B37A882A24C123001F7F94 /* ImagesListCellDelegate.swift */,
			);
			path = ImagesList;
			sourceTree = "<group>";
		};
		5086039F29D5B727006C92D5 /* Profile */ = {
			isa = PBXGroup;
			children = (
				508603A029D5B745006C92D5 /* ProfileViewController.swift */,
				5081CB032A278AED00FA774D /* ProfileAnimator.swift */,
				50A66B992A178CB600BBD014 /* ProfileService.swift */,
				50A66B9B2A178CE600BBD014 /* ProfileResult.swift */,
				50A66B9D2A17909F00BBD014 /* Profile.swift */,
				50A66B9F2A17E45100BBD014 /* ProfileImageService.swift */,
				50A66BA12A17E4B300BBD014 /* ProfileUserResult.swift */,
				508ADF382A183A21003D8A64 /* ProfileImageServiceProtocol.swift */,
			);
			path = Profile;
			sourceTree = "<group>";
		};
		50B37A682A1D3496001F7F94 /* Alert */ = {
			isa = PBXGroup;
			children = (
				50B37A692A1D34A8001F7F94 /* AlertFactory.swift */,
			);
			path = Alert;
			sourceTree = "<group>";
		};
		50B37A702A1EA364001F7F94 /* TabBar */ = {
			isa = PBXGroup;
			children = (
				50B37A712A1EA378001F7F94 /* TabBarController.swift */,
			);
			path = TabBar;
			sourceTree = "<group>";
		};
		50D2230429D76B09008E82D7 /* SingleImage */ = {
			isa = PBXGroup;
			children = (
				50D2230529D76B27008E82D7 /* SingleImageViewController.swift */,
				50B37A8A2A24F526001F7F94 /* SingleImageService.swift */,
				50B37A8C2A250233001F7F94 /* SingleImageServiceProtocol.swift */,
			);
			path = SingleImage;
			sourceTree = "<group>";
		};
		50E209AA29E9988400E79439 /* Helpers */ = {
			isa = PBXGroup;
			children = (
				50E209AB29E998E900E79439 /* UIColor+Extensions.swift */,
				50E209AF29E9BEEE00E79439 /* Constants.swift */,
			);
			path = Helpers;
			sourceTree = "<group>";
		};
		50E209B129EC89B200E79439 /* Auth */ = {
			isa = PBXGroup;
			children = (
				50E209B229EC89D400E79439 /* AuthViewController.swift */,
				506EF43A2A0D7D7E00477ED3 /* AuthViewControllerDelegate.swift */,
				50E209B429EC95B100E79439 /* WebViewViewController.swift */,
				5024C87D29F5BD770061A38E /* OAuthTokenResponseBody.swift */,
				5024C87F29F5C1340061A38E /* OAuth2Service.swift */,
				5024C88129F5C3850061A38E /* OAuth2TokenStorage.swift */,
			);
			path = Auth;
			sourceTree = "<group>";
		};
/* End PBXGroup section */

/* Begin PBXNativeTarget section */
		507790B729CE0E9400B5EF94 /* ImageFeed */ = {
			isa = PBXNativeTarget;
			buildConfigurationList = 507790CC29CE0E9500B5EF94 /* Build configuration list for PBXNativeTarget "ImageFeed" */;
			buildPhases = (
				507790B429CE0E9400B5EF94 /* Sources */,
				507790B529CE0E9400B5EF94 /* Frameworks */,
				507790B629CE0E9400B5EF94 /* Resources */,
			);
			buildRules = (
			);
			dependencies = (
			);
			name = ImageFeed;
			packageProductDependencies = (
				506EF43D2A10163700477ED3 /* ProgressHUD */,
				50B37A662A1D2187001F7F94 /* Kingfisher */,
				50B37A6E2A1E8B0A001F7F94 /* SwiftKeychainWrapper */,
			);
			productName = ImageFeed;
			productReference = 507790B829CE0E9400B5EF94 /* ImageFeed.app */;
			productType = "com.apple.product-type.application";
		};
		50B37A7C2A20FBC8001F7F94 /* ImageFeedTests */ = {
			isa = PBXNativeTarget;
			buildConfigurationList = 50B37A832A20FBC8001F7F94 /* Build configuration list for PBXNativeTarget "ImageFeedTests" */;
			buildPhases = (
				50B37A792A20FBC8001F7F94 /* Sources */,
				50B37A7A2A20FBC8001F7F94 /* Frameworks */,
				50B37A7B2A20FBC8001F7F94 /* Resources */,
			);
			buildRules = (
			);
			dependencies = (
				50B37A822A20FBC8001F7F94 /* PBXTargetDependency */,
			);
			name = ImageFeedTests;
			productName = ImageFeedTests;
			productReference = 50B37A7D2A20FBC8001F7F94 /* ImageFeedTests.xctest */;
			productType = "com.apple.product-type.bundle.unit-test";
		};
/* End PBXNativeTarget section */

/* Begin PBXProject section */
		507790B029CE0E9400B5EF94 /* Project object */ = {
			isa = PBXProject;
			attributes = {
				BuildIndependentTargetsInParallel = 1;
				LastSwiftUpdateCheck = 1420;
				LastUpgradeCheck = 1420;
				TargetAttributes = {
					507790B729CE0E9400B5EF94 = {
						CreatedOnToolsVersion = 14.2;
					};
					50B37A7C2A20FBC8001F7F94 = {
						CreatedOnToolsVersion = 14.2;
						TestTargetID = 507790B729CE0E9400B5EF94;
					};
				};
			};
			buildConfigurationList = 507790B329CE0E9400B5EF94 /* Build configuration list for PBXProject "ImageFeed" */;
			compatibilityVersion = "Xcode 14.0";
			developmentRegion = en;
			hasScannedForEncodings = 0;
			knownRegions = (
				en,
				Base,
			);
			mainGroup = 507790AF29CE0E9400B5EF94;
			packageReferences = (
				506EF43C2A10163700477ED3 /* XCRemoteSwiftPackageReference "ProgressHUD" */,
				50B37A652A1D2187001F7F94 /* XCRemoteSwiftPackageReference "Kingfisher" */,
				50B37A6D2A1E8B0A001F7F94 /* XCRemoteSwiftPackageReference "SwiftKeychainWrapper" */,
			);
			productRefGroup = 507790B929CE0E9400B5EF94 /* Products */;
			projectDirPath = "";
			projectRoot = "";
			targets = (
				507790B729CE0E9400B5EF94 /* ImageFeed */,
				50B37A7C2A20FBC8001F7F94 /* ImageFeedTests */,
			);
		};
/* End PBXProject section */

/* Begin PBXResourcesBuildPhase section */
		507790B629CE0E9400B5EF94 /* Resources */ = {
			isa = PBXResourcesBuildPhase;
			buildActionMask = 2147483647;
			files = (
				507790C829CE0E9500B5EF94 /* LaunchScreen.storyboard in Resources */,
				507790C529CE0E9500B5EF94 /* Assets.xcassets in Resources */,
				507790C329CE0E9400B5EF94 /* Main.storyboard in Resources */,
			);
			runOnlyForDeploymentPostprocessing = 0;
		};
		50B37A7B2A20FBC8001F7F94 /* Resources */ = {
			isa = PBXResourcesBuildPhase;
			buildActionMask = 2147483647;
			files = (
			);
			runOnlyForDeploymentPostprocessing = 0;
		};
/* End PBXResourcesBuildPhase section */

/* Begin PBXSourcesBuildPhase section */
		507790B429CE0E9400B5EF94 /* Sources */ = {
			isa = PBXSourcesBuildPhase;
			buildActionMask = 2147483647;
			files = (
				50B37A742A1FAA97001F7F94 /* ImagesListService.swift in Sources */,
				50E209B529EC95B100E79439 /* WebViewViewController.swift in Sources */,
				50D2230629D76B27008E82D7 /* SingleImageViewController.swift in Sources */,
				5024C88029F5C1340061A38E /* OAuth2Service.swift in Sources */,
				506EF4402A10755000477ED3 /* UIBlockingProgressHUD.swift in Sources */,
				506EF43B2A0D7D7E00477ED3 /* AuthViewControllerDelegate.swift in Sources */,
				50B37A782A20D279001F7F94 /* PhotoResult.swift in Sources */,
				50B37A762A1FAB6E001F7F94 /* Photo.swift in Sources */,
				507790C029CE0E9400B5EF94 /* ImagesListViewController.swift in Sources */,
				5077911529D1DF5100B5EF94 /* ImagesListCell.swift in Sources */,
				50A66B9A2A178CB600BBD014 /* ProfileService.swift in Sources */,
				50B37A872A2148E7001F7F94 /* ImagesListServiceProtocol.swift in Sources */,
				506EF4392A0D741A00477ED3 /* SplashViewController.swift in Sources */,
				50B37A722A1EA378001F7F94 /* TabBarController.swift in Sources */,
				50B37A892A24C123001F7F94 /* ImagesListCellDelegate.swift in Sources */,
				50B37A6A2A1D34A8001F7F94 /* AlertFactory.swift in Sources */,
				5081CB062A27A67600FA774D /* ImagesListAnimator.swift in Sources */,
				5024C87E29F5BD770061A38E /* OAuthTokenResponseBody.swift in Sources */,
				508603A129D5B745006C92D5 /* ProfileViewController.swift in Sources */,
				50E209AC29E998E900E79439 /* UIColor+Extensions.swift in Sources */,
				507790BC29CE0E9400B5EF94 /* AppDelegate.swift in Sources */,
				507790BE29CE0E9400B5EF94 /* SceneDelegate.swift in Sources */,
				50E209B329EC89D400E79439 /* AuthViewController.swift in Sources */,
				5081CB042A278AED00FA774D /* ProfileAnimator.swift in Sources */,
				50B37A8D2A250233001F7F94 /* SingleImageServiceProtocol.swift in Sources */,
				5024C88229F5C3850061A38E /* OAuth2TokenStorage.swift in Sources */,
				50A66B9E2A17909F00BBD014 /* Profile.swift in Sources */,
				50A66BA02A17E45100BBD014 /* ProfileImageService.swift in Sources */,
				50B37A8B2A24F526001F7F94 /* SingleImageService.swift in Sources */,
				50A66BA22A17E4B300BBD014 /* ProfileUserResult.swift in Sources */,
				50A66B9C2A178CE600BBD014 /* ProfileResult.swift in Sources */,
				50E209B029E9BEEE00E79439 /* Constants.swift in Sources */,
				508ADF392A183A21003D8A64 /* ProfileImageServiceProtocol.swift in Sources */,
			);
			runOnlyForDeploymentPostprocessing = 0;
		};
		50B37A792A20FBC8001F7F94 /* Sources */ = {
			isa = PBXSourcesBuildPhase;
			buildActionMask = 2147483647;
			files = (
			);
			runOnlyForDeploymentPostprocessing = 0;
		};
/* End PBXSourcesBuildPhase section */

/* Begin PBXTargetDependency section */
		50B37A822A20FBC8001F7F94 /* PBXTargetDependency */ = {
			isa = PBXTargetDependency;
			target = 507790B729CE0E9400B5EF94 /* ImageFeed */;
			targetProxy = 50B37A812A20FBC8001F7F94 /* PBXContainerItemProxy */;
		};
/* End PBXTargetDependency section */

/* Begin PBXVariantGroup section */
		507790C129CE0E9400B5EF94 /* Main.storyboard */ = {
			isa = PBXVariantGroup;
			children = (
				507790C229CE0E9400B5EF94 /* Base */,
			);
			name = Main.storyboard;
			sourceTree = "<group>";
		};
		507790C629CE0E9500B5EF94 /* LaunchScreen.storyboard */ = {
			isa = PBXVariantGroup;
			children = (
				507790C729CE0E9500B5EF94 /* Base */,
			);
			name = LaunchScreen.storyboard;
			sourceTree = "<group>";
		};
/* End PBXVariantGroup section */

/* Begin XCBuildConfiguration section */
		507790CA29CE0E9500B5EF94 /* Debug */ = {
			isa = XCBuildConfiguration;
			buildSettings = {
				ALWAYS_SEARCH_USER_PATHS = NO;
				CLANG_ANALYZER_NONNULL = YES;
				CLANG_ANALYZER_NUMBER_OBJECT_CONVERSION = YES_AGGRESSIVE;
				CLANG_CXX_LANGUAGE_STANDARD = "gnu++20";
				CLANG_ENABLE_MODULES = YES;
				CLANG_ENABLE_OBJC_ARC = YES;
				CLANG_ENABLE_OBJC_WEAK = YES;
				CLANG_WARN_BLOCK_CAPTURE_AUTORELEASING = YES;
				CLANG_WARN_BOOL_CONVERSION = YES;
				CLANG_WARN_COMMA = YES;
				CLANG_WARN_CONSTANT_CONVERSION = YES;
				CLANG_WARN_DEPRECATED_OBJC_IMPLEMENTATIONS = YES;
				CLANG_WARN_DIRECT_OBJC_ISA_USAGE = YES_ERROR;
				CLANG_WARN_DOCUMENTATION_COMMENTS = YES;
				CLANG_WARN_EMPTY_BODY = YES;
				CLANG_WARN_ENUM_CONVERSION = YES;
				CLANG_WARN_INFINITE_RECURSION = YES;
				CLANG_WARN_INT_CONVERSION = YES;
				CLANG_WARN_NON_LITERAL_NULL_CONVERSION = YES;
				CLANG_WARN_OBJC_IMPLICIT_RETAIN_SELF = YES;
				CLANG_WARN_OBJC_LITERAL_CONVERSION = YES;
				CLANG_WARN_OBJC_ROOT_CLASS = YES_ERROR;
				CLANG_WARN_QUOTED_INCLUDE_IN_FRAMEWORK_HEADER = YES;
				CLANG_WARN_RANGE_LOOP_ANALYSIS = YES;
				CLANG_WARN_STRICT_PROTOTYPES = YES;
				CLANG_WARN_SUSPICIOUS_MOVE = YES;
				CLANG_WARN_UNGUARDED_AVAILABILITY = YES_AGGRESSIVE;
				CLANG_WARN_UNREACHABLE_CODE = YES;
				CLANG_WARN__DUPLICATE_METHOD_MATCH = YES;
				COPY_PHASE_STRIP = NO;
				DEBUG_INFORMATION_FORMAT = dwarf;
				ENABLE_STRICT_OBJC_MSGSEND = YES;
				ENABLE_TESTABILITY = YES;
				GCC_C_LANGUAGE_STANDARD = gnu11;
				GCC_DYNAMIC_NO_PIC = NO;
				GCC_NO_COMMON_BLOCKS = YES;
				GCC_OPTIMIZATION_LEVEL = 0;
				GCC_PREPROCESSOR_DEFINITIONS = (
					"DEBUG=1",
					"$(inherited)",
				);
				GCC_WARN_64_TO_32_BIT_CONVERSION = YES;
				GCC_WARN_ABOUT_RETURN_TYPE = YES_ERROR;
				GCC_WARN_UNDECLARED_SELECTOR = YES;
				GCC_WARN_UNINITIALIZED_AUTOS = YES_AGGRESSIVE;
				GCC_WARN_UNUSED_FUNCTION = YES;
				GCC_WARN_UNUSED_VARIABLE = YES;
				IPHONEOS_DEPLOYMENT_TARGET = 16.2;
				MTL_ENABLE_DEBUG_INFO = INCLUDE_SOURCE;
				MTL_FAST_MATH = YES;
				ONLY_ACTIVE_ARCH = YES;
				SDKROOT = iphoneos;
				SWIFT_ACTIVE_COMPILATION_CONDITIONS = DEBUG;
				SWIFT_OPTIMIZATION_LEVEL = "-Onone";
			};
			name = Debug;
		};
		507790CB29CE0E9500B5EF94 /* Release */ = {
			isa = XCBuildConfiguration;
			buildSettings = {
				ALWAYS_SEARCH_USER_PATHS = NO;
				CLANG_ANALYZER_NONNULL = YES;
				CLANG_ANALYZER_NUMBER_OBJECT_CONVERSION = YES_AGGRESSIVE;
				CLANG_CXX_LANGUAGE_STANDARD = "gnu++20";
				CLANG_ENABLE_MODULES = YES;
				CLANG_ENABLE_OBJC_ARC = YES;
				CLANG_ENABLE_OBJC_WEAK = YES;
				CLANG_WARN_BLOCK_CAPTURE_AUTORELEASING = YES;
				CLANG_WARN_BOOL_CONVERSION = YES;
				CLANG_WARN_COMMA = YES;
				CLANG_WARN_CONSTANT_CONVERSION = YES;
				CLANG_WARN_DEPRECATED_OBJC_IMPLEMENTATIONS = YES;
				CLANG_WARN_DIRECT_OBJC_ISA_USAGE = YES_ERROR;
				CLANG_WARN_DOCUMENTATION_COMMENTS = YES;
				CLANG_WARN_EMPTY_BODY = YES;
				CLANG_WARN_ENUM_CONVERSION = YES;
				CLANG_WARN_INFINITE_RECURSION = YES;
				CLANG_WARN_INT_CONVERSION = YES;
				CLANG_WARN_NON_LITERAL_NULL_CONVERSION = YES;
				CLANG_WARN_OBJC_IMPLICIT_RETAIN_SELF = YES;
				CLANG_WARN_OBJC_LITERAL_CONVERSION = YES;
				CLANG_WARN_OBJC_ROOT_CLASS = YES_ERROR;
				CLANG_WARN_QUOTED_INCLUDE_IN_FRAMEWORK_HEADER = YES;
				CLANG_WARN_RANGE_LOOP_ANALYSIS = YES;
				CLANG_WARN_STRICT_PROTOTYPES = YES;
				CLANG_WARN_SUSPICIOUS_MOVE = YES;
				CLANG_WARN_UNGUARDED_AVAILABILITY = YES_AGGRESSIVE;
				CLANG_WARN_UNREACHABLE_CODE = YES;
				CLANG_WARN__DUPLICATE_METHOD_MATCH = YES;
				COPY_PHASE_STRIP = NO;
				DEBUG_INFORMATION_FORMAT = "dwarf-with-dsym";
				ENABLE_NS_ASSERTIONS = NO;
				ENABLE_STRICT_OBJC_MSGSEND = YES;
				GCC_C_LANGUAGE_STANDARD = gnu11;
				GCC_NO_COMMON_BLOCKS = YES;
				GCC_WARN_64_TO_32_BIT_CONVERSION = YES;
				GCC_WARN_ABOUT_RETURN_TYPE = YES_ERROR;
				GCC_WARN_UNDECLARED_SELECTOR = YES;
				GCC_WARN_UNINITIALIZED_AUTOS = YES_AGGRESSIVE;
				GCC_WARN_UNUSED_FUNCTION = YES;
				GCC_WARN_UNUSED_VARIABLE = YES;
				IPHONEOS_DEPLOYMENT_TARGET = 16.2;
				MTL_ENABLE_DEBUG_INFO = NO;
				MTL_FAST_MATH = YES;
				SDKROOT = iphoneos;
				SWIFT_COMPILATION_MODE = wholemodule;
				SWIFT_OPTIMIZATION_LEVEL = "-O";
				VALIDATE_PRODUCT = YES;
			};
			name = Release;
		};
		507790CD29CE0E9500B5EF94 /* Debug */ = {
			isa = XCBuildConfiguration;
			buildSettings = {
				ASSETCATALOG_COMPILER_APPICON_NAME = AppIcon;
				ASSETCATALOG_COMPILER_GLOBAL_ACCENT_COLOR_NAME = AccentColor;
				CODE_SIGN_STYLE = Automatic;
				CURRENT_PROJECT_VERSION = 1;
				DEVELOPMENT_TEAM = PB35Q42M39;
				GENERATE_INFOPLIST_FILE = YES;
				INFOPLIST_FILE = ImageFeed/Info.plist;
				INFOPLIST_KEY_UIApplicationSupportsIndirectInputEvents = YES;
				INFOPLIST_KEY_UILaunchStoryboardName = LaunchScreen;
				INFOPLIST_KEY_UIMainStoryboardFile = Main;
				INFOPLIST_KEY_UISupportedInterfaceOrientations_iPhone = UIInterfaceOrientationPortrait;
				IPHONEOS_DEPLOYMENT_TARGET = 13.0;
				LD_RUNPATH_SEARCH_PATHS = (
					"$(inherited)",
					"@executable_path/Frameworks",
				);
				MARKETING_VERSION = 1.0;
				PRODUCT_BUNDLE_IDENTIFIER = ru.reginayushk.ImageFeed;
				PRODUCT_NAME = "$(TARGET_NAME)";
				SUPPORTED_PLATFORMS = "iphoneos iphonesimulator";
				SUPPORTS_MACCATALYST = NO;
				SUPPORTS_MAC_DESIGNED_FOR_IPHONE_IPAD = NO;
				SWIFT_EMIT_LOC_STRINGS = YES;
				SWIFT_VERSION = 5.0;
				TARGETED_DEVICE_FAMILY = 1;
			};
			name = Debug;
		};
		507790CE29CE0E9500B5EF94 /* Release */ = {
			isa = XCBuildConfiguration;
			buildSettings = {
				ASSETCATALOG_COMPILER_APPICON_NAME = AppIcon;
				ASSETCATALOG_COMPILER_GLOBAL_ACCENT_COLOR_NAME = AccentColor;
				CODE_SIGN_STYLE = Automatic;
				CURRENT_PROJECT_VERSION = 1;
				DEVELOPMENT_TEAM = PB35Q42M39;
				GENERATE_INFOPLIST_FILE = YES;
				INFOPLIST_FILE = ImageFeed/Info.plist;
				INFOPLIST_KEY_UIApplicationSupportsIndirectInputEvents = YES;
				INFOPLIST_KEY_UILaunchStoryboardName = LaunchScreen;
				INFOPLIST_KEY_UIMainStoryboardFile = Main;
				INFOPLIST_KEY_UISupportedInterfaceOrientations_iPhone = UIInterfaceOrientationPortrait;
				IPHONEOS_DEPLOYMENT_TARGET = 13.0;
				LD_RUNPATH_SEARCH_PATHS = (
					"$(inherited)",
					"@executable_path/Frameworks",
				);
				MARKETING_VERSION = 1.0;
				PRODUCT_BUNDLE_IDENTIFIER = ru.reginayushk.ImageFeed;
				PRODUCT_NAME = "$(TARGET_NAME)";
				SUPPORTED_PLATFORMS = "iphoneos iphonesimulator";
				SUPPORTS_MACCATALYST = NO;
				SUPPORTS_MAC_DESIGNED_FOR_IPHONE_IPAD = NO;
				SWIFT_EMIT_LOC_STRINGS = YES;
				SWIFT_VERSION = 5.0;
				TARGETED_DEVICE_FAMILY = 1;
			};
			name = Release;
		};
		50B37A842A20FBC8001F7F94 /* Debug */ = {
			isa = XCBuildConfiguration;
			buildSettings = {
				BUNDLE_LOADER = "$(TEST_HOST)";
				CODE_SIGN_STYLE = Automatic;
				CURRENT_PROJECT_VERSION = 1;
				DEVELOPMENT_TEAM = PB35Q42M39;
				GENERATE_INFOPLIST_FILE = YES;
				MARKETING_VERSION = 1.0;
				PRODUCT_BUNDLE_IDENTIFIER = ru.reginayushk.ImageFeedTests;
				PRODUCT_NAME = "$(TARGET_NAME)";
				SWIFT_EMIT_LOC_STRINGS = NO;
				SWIFT_VERSION = 5.0;
				TARGETED_DEVICE_FAMILY = "1,2";
				TEST_HOST = "$(BUILT_PRODUCTS_DIR)/ImageFeed.app/$(BUNDLE_EXECUTABLE_FOLDER_PATH)/ImageFeed";
			};
			name = Debug;
		};
		50B37A852A20FBC8001F7F94 /* Release */ = {
			isa = XCBuildConfiguration;
			buildSettings = {
				BUNDLE_LOADER = "$(TEST_HOST)";
				CODE_SIGN_STYLE = Automatic;
				CURRENT_PROJECT_VERSION = 1;
				DEVELOPMENT_TEAM = PB35Q42M39;
				GENERATE_INFOPLIST_FILE = YES;
				MARKETING_VERSION = 1.0;
				PRODUCT_BUNDLE_IDENTIFIER = ru.reginayushk.ImageFeedTests;
				PRODUCT_NAME = "$(TARGET_NAME)";
				SWIFT_EMIT_LOC_STRINGS = NO;
				SWIFT_VERSION = 5.0;
				TARGETED_DEVICE_FAMILY = "1,2";
				TEST_HOST = "$(BUILT_PRODUCTS_DIR)/ImageFeed.app/$(BUNDLE_EXECUTABLE_FOLDER_PATH)/ImageFeed";
			};
			name = Release;
		};
/* End XCBuildConfiguration section */

/* Begin XCConfigurationList section */
		507790B329CE0E9400B5EF94 /* Build configuration list for PBXProject "ImageFeed" */ = {
			isa = XCConfigurationList;
			buildConfigurations = (
				507790CA29CE0E9500B5EF94 /* Debug */,
				507790CB29CE0E9500B5EF94 /* Release */,
			);
			defaultConfigurationIsVisible = 0;
			defaultConfigurationName = Release;
		};
		507790CC29CE0E9500B5EF94 /* Build configuration list for PBXNativeTarget "ImageFeed" */ = {
			isa = XCConfigurationList;
			buildConfigurations = (
				507790CD29CE0E9500B5EF94 /* Debug */,
				507790CE29CE0E9500B5EF94 /* Release */,
			);
			defaultConfigurationIsVisible = 0;
			defaultConfigurationName = Release;
		};
		50B37A832A20FBC8001F7F94 /* Build configuration list for PBXNativeTarget "ImageFeedTests" */ = {
			isa = XCConfigurationList;
			buildConfigurations = (
				50B37A842A20FBC8001F7F94 /* Debug */,
				50B37A852A20FBC8001F7F94 /* Release */,
			);
			defaultConfigurationIsVisible = 0;
			defaultConfigurationName = Release;
		};
/* End XCConfigurationList section */

/* Begin XCRemoteSwiftPackageReference section */
		506EF43C2A10163700477ED3 /* XCRemoteSwiftPackageReference "ProgressHUD" */ = {
			isa = XCRemoteSwiftPackageReference;
			repositoryURL = "https://github.com/relatedcode/ProgressHUD";
			requirement = {
				kind = exactVersion;
				version = 13.6.2;
			};
		};
		50B37A652A1D2187001F7F94 /* XCRemoteSwiftPackageReference "Kingfisher" */ = {
			isa = XCRemoteSwiftPackageReference;
			repositoryURL = "https://github.com/onevcat/Kingfisher.git";
			requirement = {
				kind = upToNextMajorVersion;
				minimumVersion = 7.0.0;
			};
		};
		50B37A6D2A1E8B0A001F7F94 /* XCRemoteSwiftPackageReference "SwiftKeychainWrapper" */ = {
			isa = XCRemoteSwiftPackageReference;
			repositoryURL = "https://github.com/jrendel/SwiftKeychainWrapper";
			requirement = {
				kind = upToNextMajorVersion;
				minimumVersion = 4.0.0;
			};
		};
/* End XCRemoteSwiftPackageReference section */

/* Begin XCSwiftPackageProductDependency section */
		506EF43D2A10163700477ED3 /* ProgressHUD */ = {
			isa = XCSwiftPackageProductDependency;
			package = 506EF43C2A10163700477ED3 /* XCRemoteSwiftPackageReference "ProgressHUD" */;
			productName = ProgressHUD;
		};
		50B37A662A1D2187001F7F94 /* Kingfisher */ = {
			isa = XCSwiftPackageProductDependency;
			package = 50B37A652A1D2187001F7F94 /* XCRemoteSwiftPackageReference "Kingfisher" */;
			productName = Kingfisher;
		};
		50B37A6E2A1E8B0A001F7F94 /* SwiftKeychainWrapper */ = {
			isa = XCSwiftPackageProductDependency;
			package = 50B37A6D2A1E8B0A001F7F94 /* XCRemoteSwiftPackageReference "SwiftKeychainWrapper" */;
			productName = SwiftKeychainWrapper;
		};
/* End XCSwiftPackageProductDependency section */
	};
	rootObject = 507790B029CE0E9400B5EF94 /* Project object */;
}
